
Microsoft Visual Studio Solution File, Format Version 12.00
# Visual Studio Version 17
VisualStudioVersion = 17.1.32328.378
MinimumVisualStudioVersion = 10.0.40219.1
Project("{8BC9CEB8-8B4A-11D0-8D11-00A0C91BC942}") = "Soui4UiDemo", "Soui4UiDemo\Soui4UiDemo.vcxproj", "{0822F5CD-67FC-4503-86B4-81C942C12061}"
EndProject
Global
	GlobalSection(SolutionConfigurationPlatforms) = preSolution
		Debug|x64 = Debug|x64
		Debug|x86 = Debug|x86
		Release|x64 = Release|x64
		Release|x86 = Release|x86
	EndGlobalSection
	GlobalSection(ProjectConfigurationPlatforms) = postSolution
		{0822F5CD-67FC-4503-86B4-81C942C12061}.Debug|x64.ActiveCfg = Debug|x64
		{0822F5CD-67FC-4503-86B4-81C942C12061}.Debug|x64.Build.0 = Debug|x64
		{0822F5CD-67FC-4503-86B4-81C942C12061}.Debug|x86.ActiveCfg = Debug|Win32
		{0822F5CD-67FC-4503-86B4-81C942C12061}.Debug|x86.Build.0 = Debug|Win32
		{0822F5CD-67FC-4503-86B4-81C942C12061}.Release|x64.ActiveCfg = Release|x64
		{0822F5CD-67FC-4503-86B4-81C942C12061}.Release|x64.Build.0 = Release|x64
		{0822F5CD-67FC-4503-86B4-81C942C12061}.Release|x86.ActiveCfg = Release|Win32
		{0822F5CD-67FC-4503-86B4-81C942C12061}.Release|x86.Build.0 = Release|Win32
	EndGlobalSection
	GlobalSection(SolutionProperties) = preSolution
		HideSolutionNode = FALSE
	EndGlobalSection
	GlobalSection(ExtensibilityGlobals) = postSolution
		SolutionGuid = {2B10A6FF-E3FD-4603-9D3E-2593B27FC65E}
	EndGlobalSection
EndGlobal
